PODS:
  - SnapKit (4.0.1)
  - SwiftLint (0.31.0)

DEPENDENCIES:
  - SnapKit (~> 4.0.0)
  - SwiftLint

SPEC REPOS:
  https://github.com/cocoapods/specs.git:
    - SnapKit
    - SwiftLint

SPEC CHECKSUMS:
  SnapKit: 0de968a9fec17499afa29683b05d0c775b6d1c29
  SwiftLint: 7a0227733d786395817373b2d0ca799fd0093ff3

PODFILE CHECKSUM: 3adb9e72ce61746512d791ffc315483569c291d5

COCOAPODS: 1.6.1
