// !$*UTF8*$!
{
	archiveVersion = 1;
	classes = {
	};
	objectVersion = 50;
	objects = {

/* Begin PBXBuildFile section */
		35FD9F07BC7AFA23CBB5C693 /* Pods_NYTimes.framework in Frameworks */ = {isa = PBXBuildFile; fileRef = 2F6FDB054FD88F02A284CEEB /* Pods_NYTimes.framework */; };
		4011CBE082AB4DD2A8FFA3F4 /* Pods_NYTimesUITests.framework in Frameworks */ = {isa = PBXBuildFile; fileRef = D59544A0709CB0D2D41E85F9 /* Pods_NYTimesUITests.framework */; };
		4A022820223551CE00517300 /* .swiftlint.yml in Resources */ = {isa = PBXBuildFile; fileRef = 4A02281F223551CE00517300 /* .swiftlint.yml */; };
		4AF152F12235237900D6B83D /* Article.swift in Sources */ = {isa = PBXBuildFile; fileRef = 4AF152F02235237900D6B83D /* Article.swift */; };
		4AF152F32235245500D6B83D /* Response.swift in Sources */ = {isa = PBXBuildFile; fileRef = 4AF152F22235245500D6B83D /* Response.swift */; };
		4AF152F5223526C900D6B83D /* NetworkManager.swift in Sources */ = {isa = PBXBuildFile; fileRef = 4AF152F4223526C900D6B83D /* NetworkManager.swift */; };
		4AF152FA22352DB400D6B83D /* SpinnerCompatible.swift in Sources */ = {isa = PBXBuildFile; fileRef = 4AF152F922352DB400D6B83D /* SpinnerCompatible.swift */; };
		4AF152FC223535FA00D6B83D /* NoDataCompatible.swift in Sources */ = {isa = PBXBuildFile; fileRef = 4AF152FB223535FA00D6B83D /* NoDataCompatible.swift */; };
		4AF152FE2235395300D6B83D /* UIAlertController+Extension.swift in Sources */ = {isa = PBXBuildFile; fileRef = 4AF152FD2235395300D6B83D /* UIAlertController+Extension.swift */; };
		7202DF3B22347B2B00F36FA9 /* MainCoordinator.swift in Sources */ = {isa = PBXBuildFile; fileRef = 7202DF3A22347B2B00F36FA9 /* MainCoordinator.swift */; };
		7202DF3D22347B9400F36FA9 /* BaseViewController.swift in Sources */ = {isa = PBXBuildFile; fileRef = 7202DF3C22347B9400F36FA9 /* BaseViewController.swift */; };
		7202DF3F22347C0400F36FA9 /* ViewModelProtocol.swift in Sources */ = {isa = PBXBuildFile; fileRef = 7202DF3E22347C0400F36FA9 /* ViewModelProtocol.swift */; };
		7202DF4322347E1C00F36FA9 /* MostPopularTableCell.swift in Sources */ = {isa = PBXBuildFile; fileRef = 7202DF4222347E1C00F36FA9 /* MostPopularTableCell.swift */; };
		7202DF4522347E6500F36FA9 /* MostPopularViewModel.swift in Sources */ = {isa = PBXBuildFile; fileRef = 7202DF4422347E6500F36FA9 /* MostPopularViewModel.swift */; };
		7202DF4C22347EE300F36FA9 /* BaseTableCell.swift in Sources */ = {isa = PBXBuildFile; fileRef = 7202DF4B22347EE300F36FA9 /* BaseTableCell.swift */; };
		7202DF4F2234843900F36FA9 /* UIView+Extension.swift in Sources */ = {isa = PBXBuildFile; fileRef = 7202DF4E2234843900F36FA9 /* UIView+Extension.swift */; };
		72202B6222342A24004D80C8 /* AppDelegate.swift in Sources */ = {isa = PBXBuildFile; fileRef = 72202B6122342A24004D80C8 /* AppDelegate.swift */; };
		72202B6422342A24004D80C8 /* MostPopularViewController.swift in Sources */ = {isa = PBXBuildFile; fileRef = 72202B6322342A24004D80C8 /* MostPopularViewController.swift */; };
		72202B6922342A26004D80C8 /* Assets.xcassets in Resources */ = {isa = PBXBuildFile; fileRef = 72202B6822342A26004D80C8 /* Assets.xcassets */; };
		72202B6C22342A26004D80C8 /* LaunchScreen.storyboard in Resources */ = {isa = PBXBuildFile; fileRef = 72202B6A22342A26004D80C8 /* LaunchScreen.storyboard */; };
		72202B7722342A26004D80C8 /* NYTimesTests.swift in Sources */ = {isa = PBXBuildFile; fileRef = 72202B7622342A26004D80C8 /* NYTimesTests.swift */; };
		72202B8222342A26004D80C8 /* NYTimesUITests.swift in Sources */ = {isa = PBXBuildFile; fileRef = 72202B8122342A26004D80C8 /* NYTimesUITests.swift */; };
		F74363347067E70F219F18B4 /* Pods_NYTimesTests.framework in Frameworks */ = {isa = PBXBuildFile; fileRef = C673953B90E169AE883146C8 /* Pods_NYTimesTests.framework */; };
/* End PBXBuildFile section */

/* Begin PBXContainerItemProxy section */
		72202B7322342A26004D80C8 /* PBXContainerItemProxy */ = {
			isa = PBXContainerItemProxy;
			containerPortal = 72202B5622342A24004D80C8 /* Project object */;
			proxyType = 1;
			remoteGlobalIDString = 72202B5D22342A24004D80C8;
			remoteInfo = NYTimes;
		};
		72202B7E22342A26004D80C8 /* PBXContainerItemProxy */ = {
			isa = PBXContainerItemProxy;
			containerPortal = 72202B5622342A24004D80C8 /* Project object */;
			proxyType = 1;
			remoteGlobalIDString = 72202B5D22342A24004D80C8;
			remoteInfo = NYTimes;
		};
/* End PBXContainerItemProxy section */

/* Begin PBXFileReference section */
		09AF246F02E652BC6E385F45 /* Pods-NYTimesUITests.debug.xcconfig */ = {isa = PBXFileReference; includeInIndex = 1; lastKnownFileType = text.xcconfig; name = "Pods-NYTimesUITests.debug.xcconfig"; path = "Target Support Files/Pods-NYTimesUITests/Pods-NYTimesUITests.debug.xcconfig"; sourceTree = "<group>"; };
		1E6B4AC17F9E46978EF39236 /* Pods-NYTimesTests.release.xcconfig */ = {isa = PBXFileReference; includeInIndex = 1; lastKnownFileType = text.xcconfig; name = "Pods-NYTimesTests.release.xcconfig"; path = "Target Support Files/Pods-NYTimesTests/Pods-NYTimesTests.release.xcconfig"; sourceTree = "<group>"; };
		2F6FDB054FD88F02A284CEEB /* Pods_NYTimes.framework */ = {isa = PBXFileReference; explicitFileType = wrapper.framework; includeInIndex = 0; path = Pods_NYTimes.framework; sourceTree = BUILT_PRODUCTS_DIR; };
		4A02281F223551CE00517300 /* .swiftlint.yml */ = {isa = PBXFileReference; fileEncoding = 4; lastKnownFileType = text; path = .swiftlint.yml; sourceTree = "<group>"; };
		4AF152F02235237900D6B83D /* Article.swift */ = {isa = PBXFileReference; lastKnownFileType = sourcecode.swift; path = Article.swift; sourceTree = "<group>"; };
		4AF152F22235245500D6B83D /* Response.swift */ = {isa = PBXFileReference; lastKnownFileType = sourcecode.swift; path = Response.swift; sourceTree = "<group>"; };
		4AF152F4223526C900D6B83D /* NetworkManager.swift */ = {isa = PBXFileReference; lastKnownFileType = sourcecode.swift; path = NetworkManager.swift; sourceTree = "<group>"; };
		4AF152F922352DB400D6B83D /* SpinnerCompatible.swift */ = {isa = PBXFileReference; lastKnownFileType = sourcecode.swift; path = SpinnerCompatible.swift; sourceTree = "<group>"; };
		4AF152FB223535FA00D6B83D /* NoDataCompatible.swift */ = {isa = PBXFileReference; lastKnownFileType = sourcecode.swift; path = NoDataCompatible.swift; sourceTree = "<group>"; };
		4AF152FD2235395300D6B83D /* UIAlertController+Extension.swift */ = {isa = PBXFileReference; lastKnownFileType = sourcecode.swift; path = "UIAlertController+Extension.swift"; sourceTree = "<group>"; };
		62AEAB6D1C722B4921782E50 /* Pods-NYTimes.debug.xcconfig */ = {isa = PBXFileReference; includeInIndex = 1; lastKnownFileType = text.xcconfig; name = "Pods-NYTimes.debug.xcconfig"; path = "Target Support Files/Pods-NYTimes/Pods-NYTimes.debug.xcconfig"; sourceTree = "<group>"; };
		7202DF3A22347B2B00F36FA9 /* MainCoordinator.swift */ = {isa = PBXFileReference; lastKnownFileType = sourcecode.swift; path = MainCoordinator.swift; sourceTree = "<group>"; };
		7202DF3C22347B9400F36FA9 /* BaseViewController.swift */ = {isa = PBXFileReference; lastKnownFileType = sourcecode.swift; path = BaseViewController.swift; sourceTree = "<group>"; };
		7202DF3E22347C0400F36FA9 /* ViewModelProtocol.swift */ = {isa = PBXFileReference; lastKnownFileType = sourcecode.swift; path = ViewModelProtocol.swift; sourceTree = "<group>"; };
		7202DF4222347E1C00F36FA9 /* MostPopularTableCell.swift */ = {isa = PBXFileReference; lastKnownFileType = sourcecode.swift; path = MostPopularTableCell.swift; sourceTree = "<group>"; };
		7202DF4422347E6500F36FA9 /* MostPopularViewModel.swift */ = {isa = PBXFileReference; fileEncoding = 4; lastKnownFileType = sourcecode.swift; path = MostPopularViewModel.swift; sourceTree = "<group>"; };
		7202DF4B22347EE300F36FA9 /* BaseTableCell.swift */ = {isa = PBXFileReference; lastKnownFileType = sourcecode.swift; path = BaseTableCell.swift; sourceTree = "<group>"; };
		7202DF4E2234843900F36FA9 /* UIView+Extension.swift */ = {isa = PBXFileReference; lastKnownFileType = sourcecode.swift; path = "UIView+Extension.swift"; sourceTree = "<group>"; };
		72202B5E22342A24004D80C8 /* NYTimes.app */ = {isa = PBXFileReference; explicitFileType = wrapper.application; includeInIndex = 0; path = NYTimes.app; sourceTree = BUILT_PRODUCTS_DIR; };
		72202B6122342A24004D80C8 /* AppDelegate.swift */ = {isa = PBXFileReference; lastKnownFileType = sourcecode.swift; path = AppDelegate.swift; sourceTree = "<group>"; };
		72202B6322342A24004D80C8 /* MostPopularViewController.swift */ = {isa = PBXFileReference; lastKnownFileType = sourcecode.swift; path = MostPopularViewController.swift; sourceTree = "<group>"; };
		72202B6822342A26004D80C8 /* Assets.xcassets */ = {isa = PBXFileReference; lastKnownFileType = folder.assetcatalog; path = Assets.xcassets; sourceTree = "<group>"; };
		72202B6B22342A26004D80C8 /* Base */ = {isa = PBXFileReference; lastKnownFileType = file.storyboard; name = Base; path = Base.lproj/LaunchScreen.storyboard; sourceTree = "<group>"; };
		72202B6D22342A26004D80C8 /* Info.plist */ = {isa = PBXFileReference; lastKnownFileType = text.plist.xml; path = Info.plist; sourceTree = "<group>"; };
		72202B7222342A26004D80C8 /* NYTimesTests.xctest */ = {isa = PBXFileReference; explicitFileType = wrapper.cfbundle; includeInIndex = 0; path = NYTimesTests.xctest; sourceTree = BUILT_PRODUCTS_DIR; };
		72202B7622342A26004D80C8 /* NYTimesTests.swift */ = {isa = PBXFileReference; lastKnownFileType = sourcecode.swift; path = NYTimesTests.swift; sourceTree = "<group>"; };
		72202B7822342A26004D80C8 /* Info.plist */ = {isa = PBXFileReference; lastKnownFileType = text.plist.xml; path = Info.plist; sourceTree = "<group>"; };
		72202B7D22342A26004D80C8 /* NYTimesUITests.xctest */ = {isa = PBXFileReference; explicitFileType = wrapper.cfbundle; includeInIndex = 0; path = NYTimesUITests.xctest; sourceTree = BUILT_PRODUCTS_DIR; };
		72202B8122342A26004D80C8 /* NYTimesUITests.swift */ = {isa = PBXFileReference; lastKnownFileType = sourcecode.swift; path = NYTimesUITests.swift; sourceTree = "<group>"; };
		72202B8322342A26004D80C8 /* Info.plist */ = {isa = PBXFileReference; lastKnownFileType = text.plist.xml; path = Info.plist; sourceTree = "<group>"; };
		BBB2387D4DB0787787577B23 /* Pods-NYTimes.release.xcconfig */ = {isa = PBXFileReference; includeInIndex = 1; lastKnownFileType = text.xcconfig; name = "Pods-NYTimes.release.xcconfig"; path = "Target Support Files/Pods-NYTimes/Pods-NYTimes.release.xcconfig"; sourceTree = "<group>"; };
		C673953B90E169AE883146C8 /* Pods_NYTimesTests.framework */ = {isa = PBXFileReference; explicitFileType = wrapper.framework; includeInIndex = 0; path = Pods_NYTimesTests.framework; sourceTree = BUILT_PRODUCTS_DIR; };
		C9A26F97E664F39444E24E3E /* Pods-NYTimesUITests.release.xcconfig */ = {isa = PBXFileReference; includeInIndex = 1; lastKnownFileType = text.xcconfig; name = "Pods-NYTimesUITests.release.xcconfig"; path = "Target Support Files/Pods-NYTimesUITests/Pods-NYTimesUITests.release.xcconfig"; sourceTree = "<group>"; };
		D59544A0709CB0D2D41E85F9 /* Pods_NYTimesUITests.framework */ = {isa = PBXFileReference; explicitFileType = wrapper.framework; includeInIndex = 0; path = Pods_NYTimesUITests.framework; sourceTree = BUILT_PRODUCTS_DIR; };
		F799043FDDA3B167A8258EA4 /* Pods-NYTimesTests.debug.xcconfig */ = {isa = PBXFileReference; includeInIndex = 1; lastKnownFileType = text.xcconfig; name = "Pods-NYTimesTests.debug.xcconfig"; path = "Target Support Files/Pods-NYTimesTests/Pods-NYTimesTests.debug.xcconfig"; sourceTree = "<group>"; };
/* End PBXFileReference section */

/* Begin PBXFrameworksBuildPhase section */
		72202B5B22342A24004D80C8 /* Frameworks */ = {
			isa = PBXFrameworksBuildPhase;
			buildActionMask = 2147483647;
			files = (
				35FD9F07BC7AFA23CBB5C693 /* Pods_NYTimes.framework in Frameworks */,
			);
			runOnlyForDeploymentPostprocessing = 0;
		};
		72202B6F22342A26004D80C8 /* Frameworks */ = {
			isa = PBXFrameworksBuildPhase;
			buildActionMask = 2147483647;
			files = (
				F74363347067E70F219F18B4 /* Pods_NYTimesTests.framework in Frameworks */,
			);
			runOnlyForDeploymentPostprocessing = 0;
		};
		72202B7A22342A26004D80C8 /* Frameworks */ = {
			isa = PBXFrameworksBuildPhase;
			buildActionMask = 2147483647;
			files = (
				4011CBE082AB4DD2A8FFA3F4 /* Pods_NYTimesUITests.framework in Frameworks */,
			);
			runOnlyForDeploymentPostprocessing = 0;
		};
/* End PBXFrameworksBuildPhase section */

/* Begin PBXGroup section */
		4AF152EE223522EE00D6B83D /* Models */ = {
			isa = PBXGroup;
			children = (
				4AF152F02235237900D6B83D /* Article.swift */,
			);
			path = Models;
			sourceTree = "<group>";
		};
		4AF152EF2235234700D6B83D /* Network */ = {
			isa = PBXGroup;
			children = (
				4AF152F22235245500D6B83D /* Response.swift */,
				4AF152F4223526C900D6B83D /* NetworkManager.swift */,
			);
			path = Network;
			sourceTree = "<group>";
		};
		4AF152F822352DA400D6B83D /* Protocols */ = {
			isa = PBXGroup;
			children = (
				4AF152F922352DB400D6B83D /* SpinnerCompatible.swift */,
				4AF152FB223535FA00D6B83D /* NoDataCompatible.swift */,
			);
			path = Protocols;
			sourceTree = "<group>";
		};
		50B82308913D0A0BEA69E6C8 /* Pods */ = {
			isa = PBXGroup;
			children = (
				62AEAB6D1C722B4921782E50 /* Pods-NYTimes.debug.xcconfig */,
				BBB2387D4DB0787787577B23 /* Pods-NYTimes.release.xcconfig */,
				F799043FDDA3B167A8258EA4 /* Pods-NYTimesTests.debug.xcconfig */,
				1E6B4AC17F9E46978EF39236 /* Pods-NYTimesTests.release.xcconfig */,
				09AF246F02E652BC6E385F45 /* Pods-NYTimesUITests.debug.xcconfig */,
				C9A26F97E664F39444E24E3E /* Pods-NYTimesUITests.release.xcconfig */,
			);
			path = Pods;
			sourceTree = "<group>";
		};
		7202DF4622347E7500F36FA9 /* Views */ = {
			isa = PBXGroup;
			children = (
				7202DF4222347E1C00F36FA9 /* MostPopularTableCell.swift */,
				72202B6322342A24004D80C8 /* MostPopularViewController.swift */,
			);
			path = Views;
			sourceTree = "<group>";
		};
		7202DF4722347E7B00F36FA9 /* ViewModels */ = {
			isa = PBXGroup;
			children = (
				7202DF3E22347C0400F36FA9 /* ViewModelProtocol.swift */,
				7202DF4422347E6500F36FA9 /* MostPopularViewModel.swift */,
			);
			path = ViewModels;
			sourceTree = "<group>";
		};
		7202DF4822347E8B00F36FA9 /* Coordinators */ = {
			isa = PBXGroup;
			children = (
				7202DF3A22347B2B00F36FA9 /* MainCoordinator.swift */,
			);
			path = Coordinators;
			sourceTree = "<group>";
		};
		7202DF4922347E9700F36FA9 /* SupportingFiles */ = {
			isa = PBXGroup;
			children = (
				72202B6D22342A26004D80C8 /* Info.plist */,
			);
			path = SupportingFiles;
			sourceTree = "<group>";
		};
		7202DF4A22347ED500F36FA9 /* Base */ = {
			isa = PBXGroup;
			children = (
				7202DF3C22347B9400F36FA9 /* BaseViewController.swift */,
				7202DF4B22347EE300F36FA9 /* BaseTableCell.swift */,
			);
			path = Base;
			sourceTree = "<group>";
		};
		7202DF4D2234841000F36FA9 /* SystemExtenstions */ = {
			isa = PBXGroup;
			children = (
				4AF152FD2235395300D6B83D /* UIAlertController+Extension.swift */,
				7202DF4E2234843900F36FA9 /* UIView+Extension.swift */,
			);
			path = SystemExtenstions;
			sourceTree = "<group>";
		};
		72202B5522342A24004D80C8 = {
			isa = PBXGroup;
			children = (
				4A02281F223551CE00517300 /* .swiftlint.yml */,
				72202B6022342A24004D80C8 /* NYTimes */,
				72202B7522342A26004D80C8 /* NYTimesTests */,
				72202B8022342A26004D80C8 /* NYTimesUITests */,
				72202B5F22342A24004D80C8 /* Products */,
				50B82308913D0A0BEA69E6C8 /* Pods */,
				CA807D1980B193B1A881BB3B /* Frameworks */,
			);
			sourceTree = "<group>";
		};
		72202B5F22342A24004D80C8 /* Products */ = {
			isa = PBXGroup;
			children = (
				72202B5E22342A24004D80C8 /* NYTimes.app */,
				72202B7222342A26004D80C8 /* NYTimesTests.xctest */,
				72202B7D22342A26004D80C8 /* NYTimesUITests.xctest */,
			);
			name = Products;
			sourceTree = "<group>";
		};
		72202B6022342A24004D80C8 /* NYTimes */ = {
			isa = PBXGroup;
			children = (
				72202B6122342A24004D80C8 /* AppDelegate.swift */,
				4AF152EF2235234700D6B83D /* Network */,
				4AF152EE223522EE00D6B83D /* Models */,
				7202DF4622347E7500F36FA9 /* Views */,
				7202DF4722347E7B00F36FA9 /* ViewModels */,
				7202DF4A22347ED500F36FA9 /* Base */,
				7202DF4822347E8B00F36FA9 /* Coordinators */,
				7202DF4922347E9700F36FA9 /* SupportingFiles */,
				4AF152F822352DA400D6B83D /* Protocols */,
				7202DF4D2234841000F36FA9 /* SystemExtenstions */,
				72202B6822342A26004D80C8 /* Assets.xcassets */,
				72202B6A22342A26004D80C8 /* LaunchScreen.storyboard */,
			);
			path = NYTimes;
			sourceTree = "<group>";
		};
		72202B7522342A26004D80C8 /* NYTimesTests */ = {
			isa = PBXGroup;
			children = (
				72202B7622342A26004D80C8 /* NYTimesTests.swift */,
				72202B7822342A26004D80C8 /* Info.plist */,
			);
			path = NYTimesTests;
			sourceTree = "<group>";
		};
		72202B8022342A26004D80C8 /* NYTimesUITests */ = {
			isa = PBXGroup;
			children = (
				72202B8122342A26004D80C8 /* NYTimesUITests.swift */,
				72202B8322342A26004D80C8 /* Info.plist */,
			);
			path = NYTimesUITests;
			sourceTree = "<group>";
		};
		CA807D1980B193B1A881BB3B /* Frameworks */ = {
			isa = PBXGroup;
			children = (
				2F6FDB054FD88F02A284CEEB /* Pods_NYTimes.framework */,
				C673953B90E169AE883146C8 /* Pods_NYTimesTests.framework */,
				D59544A0709CB0D2D41E85F9 /* Pods_NYTimesUITests.framework */,
			);
			name = Frameworks;
			sourceTree = "<group>";
		};
/* End PBXGroup section */

/* Begin PBXNativeTarget section */
		72202B5D22342A24004D80C8 /* NYTimes */ = {
			isa = PBXNativeTarget;
			buildConfigurationList = 72202B8622342A26004D80C8 /* Build configuration list for PBXNativeTarget "NYTimes" */;
			buildPhases = (
				CB2265ABD7BA8C51D77BC803 /* [CP] Check Pods Manifest.lock */,
				72202B5A22342A24004D80C8 /* Sources */,
				72202B5B22342A24004D80C8 /* Frameworks */,
				72202B5C22342A24004D80C8 /* Resources */,
				2F6E33C31B84AACE229291D8 /* [CP] Embed Pods Frameworks */,
				4A02281E22354F3400517300 /* ShellScript */,
			);
			buildRules = (
			);
			dependencies = (
			);
			name = NYTimes;
			productName = NYTimes;
			productReference = 72202B5E22342A24004D80C8 /* NYTimes.app */;
			productType = "com.apple.product-type.application";
		};
		72202B7122342A26004D80C8 /* NYTimesTests */ = {
			isa = PBXNativeTarget;
			buildConfigurationList = 72202B8922342A26004D80C8 /* Build configuration list for PBXNativeTarget "NYTimesTests" */;
			buildPhases = (
				13D9BE6AD7C774EE579424DB /* [CP] Check Pods Manifest.lock */,
				72202B6E22342A26004D80C8 /* Sources */,
				72202B6F22342A26004D80C8 /* Frameworks */,
				72202B7022342A26004D80C8 /* Resources */,
			);
			buildRules = (
			);
			dependencies = (
				72202B7422342A26004D80C8 /* PBXTargetDependency */,
			);
			name = NYTimesTests;
			productName = NYTimesTests;
			productReference = 72202B7222342A26004D80C8 /* NYTimesTests.xctest */;
			productType = "com.apple.product-type.bundle.unit-test";
		};
		72202B7C22342A26004D80C8 /* NYTimesUITests */ = {
			isa = PBXNativeTarget;
			buildConfigurationList = 72202B8C22342A26004D80C8 /* Build configuration list for PBXNativeTarget "NYTimesUITests" */;
			buildPhases = (
				B4D6DFE24D541A91DB74A462 /* [CP] Check Pods Manifest.lock */,
				72202B7922342A26004D80C8 /* Sources */,
				72202B7A22342A26004D80C8 /* Frameworks */,
				72202B7B22342A26004D80C8 /* Resources */,
			);
			buildRules = (
			);
			dependencies = (
				72202B7F22342A26004D80C8 /* PBXTargetDependency */,
			);
			name = NYTimesUITests;
			productName = NYTimesUITests;
			productReference = 72202B7D22342A26004D80C8 /* NYTimesUITests.xctest */;
			productType = "com.apple.product-type.bundle.ui-testing";
		};
/* End PBXNativeTarget section */

/* Begin PBXProject section */
		72202B5622342A24004D80C8 /* Project object */ = {
			isa = PBXProject;
			attributes = {
				LastSwiftUpdateCheck = 1000;
				LastUpgradeCheck = 1000;
				TargetAttributes = {
					72202B5D22342A24004D80C8 = {
						CreatedOnToolsVersion = 10.0;
					};
					72202B7122342A26004D80C8 = {
						CreatedOnToolsVersion = 10.0;
						TestTargetID = 72202B5D22342A24004D80C8;
					};
					72202B7C22342A26004D80C8 = {
						CreatedOnToolsVersion = 10.0;
						TestTargetID = 72202B5D22342A24004D80C8;
					};
				};
			};
			buildConfigurationList = 72202B5922342A24004D80C8 /* Build configuration list for PBXProject "NYTimes" */;
			compatibilityVersion = "Xcode 9.3";
			developmentRegion = en;
			hasScannedForEncodings = 0;
			knownRegions = (
				en,
				Base,
			);
			mainGroup = 72202B5522342A24004D80C8;
			productRefGroup = 72202B5F22342A24004D80C8 /* Products */;
			projectDirPath = "";
			projectRoot = "";
			targets = (
				72202B5D22342A24004D80C8 /* NYTimes */,
				72202B7122342A26004D80C8 /* NYTimesTests */,
				72202B7C22342A26004D80C8 /* NYTimesUITests */,
			);
		};
/* End PBXProject section */

/* Begin PBXResourcesBuildPhase section */
		72202B5C22342A24004D80C8 /* Resources */ = {
			isa = PBXResourcesBuildPhase;
			buildActionMask = 2147483647;
			files = (
				4A022820223551CE00517300 /* .swiftlint.yml in Resources */,
				72202B6C22342A26004D80C8 /* LaunchScreen.storyboard in Resources */,
				72202B6922342A26004D80C8 /* Assets.xcassets in Resources */,
			);
			runOnlyForDeploymentPostprocessing = 0;
		};
		72202B7022342A26004D80C8 /* Resources */ = {
			isa = PBXResourcesBuildPhase;
			buildActionMask = 2147483647;
			files = (
			);
			runOnlyForDeploymentPostprocessing = 0;
		};
		72202B7B22342A26004D80C8 /* Resources */ = {
			isa = PBXResourcesBuildPhase;
			buildActionMask = 2147483647;
			files = (
			);
			runOnlyForDeploymentPostprocessing = 0;
		};
/* End PBXResourcesBuildPhase section */

/* Begin PBXShellScriptBuildPhase section */
		13D9BE6AD7C774EE579424DB /* [CP] Check Pods Manifest.lock */ = {
			isa = PBXShellScriptBuildPhase;
			buildActionMask = 2147483647;
			files = (
			);
			inputFileListPaths = (
			);
			inputPaths = (
				"${PODS_PODFILE_DIR_PATH}/Podfile.lock",
				"${PODS_ROOT}/Manifest.lock",
			);
			name = "[CP] Check Pods Manifest.lock";
			outputFileListPaths = (
			);
			outputPaths = (
				"$(DERIVED_FILE_DIR)/Pods-NYTimesTests-checkManifestLockResult.txt",
			);
			runOnlyForDeploymentPostprocessing = 0;
			shellPath = /bin/sh;
			shellScript = "diff \"${PODS_PODFILE_DIR_PATH}/Podfile.lock\" \"${PODS_ROOT}/Manifest.lock\" > /dev/null\nif [ $? != 0 ] ; then\n    # print error to STDERR\n    echo \"error: The sandbox is not in sync with the Podfile.lock. Run 'pod install' or update your CocoaPods installation.\" >&2\n    exit 1\nfi\n# This output is used by Xcode 'outputs' to avoid re-running this script phase.\necho \"SUCCESS\" > \"${SCRIPT_OUTPUT_FILE_0}\"\n";
			showEnvVarsInLog = 0;
		};
		2F6E33C31B84AACE229291D8 /* [CP] Embed Pods Frameworks */ = {
			isa = PBXShellScriptBuildPhase;
			buildActionMask = 2147483647;
			files = (
			);
			inputFileListPaths = (
			);
			inputPaths = (
				"${PODS_ROOT}/Target Support Files/Pods-NYTimes/Pods-NYTimes-frameworks.sh",
				"${BUILT_PRODUCTS_DIR}/SnapKit/SnapKit.framework",
			);
			name = "[CP] Embed Pods Frameworks";
			outputFileListPaths = (
			);
			outputPaths = (
				"${TARGET_BUILD_DIR}/${FRAMEWORKS_FOLDER_PATH}/SnapKit.framework",
			);
			runOnlyForDeploymentPostprocessing = 0;
			shellPath = /bin/sh;
			shellScript = "\"${PODS_ROOT}/Target Support Files/Pods-NYTimes/Pods-NYTimes-frameworks.sh\"\n";
			showEnvVarsInLog = 0;
		};
		4A02281E22354F3400517300 /* ShellScript */ = {
			isa = PBXShellScriptBuildPhase;
			buildActionMask = 2147483647;
			files = (
			);
			inputFileListPaths = (
			);
			inputPaths = (
			);
			outputFileListPaths = (
			);
			outputPaths = (
			);
			runOnlyForDeploymentPostprocessing = 0;
			shellPath = /bin/sh;
			shellScript = "# Type a script or drag a script file from your workspace to insert its path.\n\"${PODS_ROOT}/SwiftLint/swiftlint\"\n";
		};
		B4D6DFE24D541A91DB74A462 /* [CP] Check Pods Manifest.lock */ = {
			isa = PBXShellScriptBuildPhase;
			buildActionMask = 2147483647;
			files = (
			);
			inputFileListPaths = (
			);
			inputPaths = (
				"${PODS_PODFILE_DIR_PATH}/Podfile.lock",
				"${PODS_ROOT}/Manifest.lock",
			);
			name = "[CP] Check Pods Manifest.lock";
			outputFileListPaths = (
			);
			outputPaths = (
				"$(DERIVED_FILE_DIR)/Pods-NYTimesUITests-checkManifestLockResult.txt",
			);
			runOnlyForDeploymentPostprocessing = 0;
			shellPath = /bin/sh;
			shellScript = "diff \"${PODS_PODFILE_DIR_PATH}/Podfile.lock\" \"${PODS_ROOT}/Manifest.lock\" > /dev/null\nif [ $? != 0 ] ; then\n    # print error to STDERR\n    echo \"error: The sandbox is not in sync with the Podfile.lock. Run 'pod install' or update your CocoaPods installation.\" >&2\n    exit 1\nfi\n# This output is used by Xcode 'outputs' to avoid re-running this script phase.\necho \"SUCCESS\" > \"${SCRIPT_OUTPUT_FILE_0}\"\n";
			showEnvVarsInLog = 0;
		};
		CB2265ABD7BA8C51D77BC803 /* [CP] Check Pods Manifest.lock */ = {
			isa = PBXShellScriptBuildPhase;
			buildActionMask = 2147483647;
			files = (
			);
			inputFileListPaths = (
			);
			inputPaths = (
				"${PODS_PODFILE_DIR_PATH}/Podfile.lock",
				"${PODS_ROOT}/Manifest.lock",
			);
			name = "[CP] Check Pods Manifest.lock";
			outputFileListPaths = (
			);
			outputPaths = (
				"$(DERIVED_FILE_DIR)/Pods-NYTimes-checkManifestLockResult.txt",
			);
			runOnlyForDeploymentPostprocessing = 0;
			shellPath = /bin/sh;
			shellScript = "diff \"${PODS_PODFILE_DIR_PATH}/Podfile.lock\" \"${PODS_ROOT}/Manifest.lock\" > /dev/null\nif [ $? != 0 ] ; then\n    # print error to STDERR\n    echo \"error: The sandbox is not in sync with the Podfile.lock. Run 'pod install' or update your CocoaPods installation.\" >&2\n    exit 1\nfi\n# This output is used by Xcode 'outputs' to avoid re-running this script phase.\necho \"SUCCESS\" > \"${SCRIPT_OUTPUT_FILE_0}\"\n";
			showEnvVarsInLog = 0;
		};
/* End PBXShellScriptBuildPhase section */

/* Begin PBXSourcesBuildPhase section */
		72202B5A22342A24004D80C8 /* Sources */ = {
			isa = PBXSourcesBuildPhase;
			buildActionMask = 2147483647;
			files = (
				4AF152FC223535FA00D6B83D /* NoDataCompatible.swift in Sources */,
				4AF152F5223526C900D6B83D /* NetworkManager.swift in Sources */,
				7202DF4522347E6500F36FA9 /* MostPopularViewModel.swift in Sources */,
				7202DF4C22347EE300F36FA9 /* BaseTableCell.swift in Sources */,
				7202DF4322347E1C00F36FA9 /* MostPopularTableCell.swift in Sources */,
				7202DF4F2234843900F36FA9 /* UIView+Extension.swift in Sources */,
				4AF152FE2235395300D6B83D /* UIAlertController+Extension.swift in Sources */,
				4AF152F12235237900D6B83D /* Article.swift in Sources */,
				72202B6422342A24004D80C8 /* MostPopularViewController.swift in Sources */,
				7202DF3F22347C0400F36FA9 /* ViewModelProtocol.swift in Sources */,
				4AF152F32235245500D6B83D /* Response.swift in Sources */,
				7202DF3D22347B9400F36FA9 /* BaseViewController.swift in Sources */,
				4AF152FA22352DB400D6B83D /* SpinnerCompatible.swift in Sources */,
				7202DF3B22347B2B00F36FA9 /* MainCoordinator.swift in Sources */,
				72202B6222342A24004D80C8 /* AppDelegate.swift in Sources */,
			);
			runOnlyForDeploymentPostprocessing = 0;
		};
		72202B6E22342A26004D80C8 /* Sources */ = {
			isa = PBXSourcesBuildPhase;
			buildActionMask = 2147483647;
			files = (
				72202B7722342A26004D80C8 /* NYTimesTests.swift in Sources */,
			);
			runOnlyForDeploymentPostprocessing = 0;
		};
		72202B7922342A26004D80C8 /* Sources */ = {
			isa = PBXSourcesBuildPhase;
			buildActionMask = 2147483647;
			files = (
				72202B8222342A26004D80C8 /* NYTimesUITests.swift in Sources */,
			);
			runOnlyForDeploymentPostprocessing = 0;
		};
/* End PBXSourcesBuildPhase section */

/* Begin PBXTargetDependency section */
		72202B7422342A26004D80C8 /* PBXTargetDependency */ = {
			isa = PBXTargetDependency;
			target = 72202B5D22342A24004D80C8 /* NYTimes */;
			targetProxy = 72202B7322342A26004D80C8 /* PBXContainerItemProxy */;
		};
		72202B7F22342A26004D80C8 /* PBXTargetDependency */ = {
			isa = PBXTargetDependency;
			target = 72202B5D22342A24004D80C8 /* NYTimes */;
			targetProxy = 72202B7E22342A26004D80C8 /* PBXContainerItemProxy */;
		};
/* End PBXTargetDependency section */

/* Begin PBXVariantGroup section */
		72202B6A22342A26004D80C8 /* LaunchScreen.storyboard */ = {
			isa = PBXVariantGroup;
			children = (
				72202B6B22342A26004D80C8 /* Base */,
			);
			name = LaunchScreen.storyboard;
			sourceTree = "<group>";
		};
/* End PBXVariantGroup section */

/* Begin XCBuildConfiguration section */
		72202B8422342A26004D80C8 /* Debug */ = {
			isa = XCBuildConfiguration;
			buildSettings = {
				ALWAYS_SEARCH_USER_PATHS = NO;
				CLANG_ANALYZER_NONNULL = YES;
				CLANG_ANALYZER_NUMBER_OBJECT_CONVERSION = YES_AGGRESSIVE;
				CLANG_CXX_LANGUAGE_STANDARD = "gnu++14";
				CLANG_CXX_LIBRARY = "libc++";
				CLANG_ENABLE_MODULES = YES;
				CLANG_ENABLE_OBJC_ARC = YES;
				CLANG_ENABLE_OBJC_WEAK = YES;
				CLANG_WARN_BLOCK_CAPTURE_AUTORELEASING = YES;
				CLANG_WARN_BOOL_CONVERSION = YES;
				CLANG_WARN_COMMA = YES;
				CLANG_WARN_CONSTANT_CONVERSION = YES;
				CLANG_WARN_DEPRECATED_OBJC_IMPLEMENTATIONS = YES;
				CLANG_WARN_DIRECT_OBJC_ISA_USAGE = YES_ERROR;
				CLANG_WARN_DOCUMENTATION_COMMENTS = YES;
				CLANG_WARN_EMPTY_BODY = YES;
				CLANG_WARN_ENUM_CONVERSION = YES;
				CLANG_WARN_INFINITE_RECURSION = YES;
				CLANG_WARN_INT_CONVERSION = YES;
				CLANG_WARN_NON_LITERAL_NULL_CONVERSION = YES;
				CLANG_WARN_OBJC_IMPLICIT_RETAIN_SELF = YES;
				CLANG_WARN_OBJC_LITERAL_CONVERSION = YES;
				CLANG_WARN_OBJC_ROOT_CLASS = YES_ERROR;
				CLANG_WARN_RANGE_LOOP_ANALYSIS = YES;
				CLANG_WARN_STRICT_PROTOTYPES = YES;
				CLANG_WARN_SUSPICIOUS_MOVE = YES;
				CLANG_WARN_UNGUARDED_AVAILABILITY = YES_AGGRESSIVE;
				CLANG_WARN_UNREACHABLE_CODE = YES;
				CLANG_WARN__DUPLICATE_METHOD_MATCH = YES;
				CODE_SIGN_IDENTITY = "iPhone Developer";
				COPY_PHASE_STRIP = NO;
				DEBUG_INFORMATION_FORMAT = dwarf;
				ENABLE_STRICT_OBJC_MSGSEND = YES;
				ENABLE_TESTABILITY = YES;
				GCC_C_LANGUAGE_STANDARD = gnu11;
				GCC_DYNAMIC_NO_PIC = NO;
				GCC_NO_COMMON_BLOCKS = YES;
				GCC_OPTIMIZATION_LEVEL = 0;
				GCC_PREPROCESSOR_DEFINITIONS = (
					"DEBUG=1",
					"$(inherited)",
				);
				GCC_WARN_64_TO_32_BIT_CONVERSION = YES;
				GCC_WARN_ABOUT_RETURN_TYPE = YES_ERROR;
				GCC_WARN_UNDECLARED_SELECTOR = YES;
				GCC_WARN_UNINITIALIZED_AUTOS = YES_AGGRESSIVE;
				GCC_WARN_UNUSED_FUNCTION = YES;
				GCC_WARN_UNUSED_VARIABLE = YES;
				IPHONEOS_DEPLOYMENT_TARGET = 12.0;
				MTL_ENABLE_DEBUG_INFO = INCLUDE_SOURCE;
				MTL_FAST_MATH = YES;
				ONLY_ACTIVE_ARCH = YES;
				SDKROOT = iphoneos;
				SWIFT_ACTIVE_COMPILATION_CONDITIONS = DEBUG;
				SWIFT_OPTIMIZATION_LEVEL = "-Onone";
			};
			name = Debug;
		};
		72202B8522342A26004D80C8 /* Release */ = {
			isa = XCBuildConfiguration;
			buildSettings = {
				ALWAYS_SEARCH_USER_PATHS = NO;
				CLANG_ANALYZER_NONNULL = YES;
				CLANG_ANALYZER_NUMBER_OBJECT_CONVERSION = YES_AGGRESSIVE;
				CLANG_CXX_LANGUAGE_STANDARD = "gnu++14";
				CLANG_CXX_LIBRARY = "libc++";
				CLANG_ENABLE_MODULES = YES;
				CLANG_ENABLE_OBJC_ARC = YES;
				CLANG_ENABLE_OBJC_WEAK = YES;
				CLANG_WARN_BLOCK_CAPTURE_AUTORELEASING = YES;
				CLANG_WARN_BOOL_CONVERSION = YES;
				CLANG_WARN_COMMA = YES;
				CLANG_WARN_CONSTANT_CONVERSION = YES;
				CLANG_WARN_DEPRECATED_OBJC_IMPLEMENTATIONS = YES;
				CLANG_WARN_DIRECT_OBJC_ISA_USAGE = YES_ERROR;
				CLANG_WARN_DOCUMENTATION_COMMENTS = YES;
				CLANG_WARN_EMPTY_BODY = YES;
				CLANG_WARN_ENUM_CONVERSION = YES;
				CLANG_WARN_INFINITE_RECURSION = YES;
				CLANG_WARN_INT_CONVERSION = YES;
				CLANG_WARN_NON_LITERAL_NULL_CONVERSION = YES;
				CLANG_WARN_OBJC_IMPLICIT_RETAIN_SELF = YES;
				CLANG_WARN_OBJC_LITERAL_CONVERSION = YES;
				CLANG_WARN_OBJC_ROOT_CLASS = YES_ERROR;
				CLANG_WARN_RANGE_LOOP_ANALYSIS = YES;
				CLANG_WARN_STRICT_PROTOTYPES = YES;
				CLANG_WARN_SUSPICIOUS_MOVE = YES;
				CLANG_WARN_UNGUARDED_AVAILABILITY = YES_AGGRESSIVE;
				CLANG_WARN_UNREACHABLE_CODE = YES;
				CLANG_WARN__DUPLICATE_METHOD_MATCH = YES;
				CODE_SIGN_IDENTITY = "iPhone Developer";
				COPY_PHASE_STRIP = NO;
				DEBUG_INFORMATION_FORMAT = "dwarf-with-dsym";
				ENABLE_NS_ASSERTIONS = NO;
				ENABLE_STRICT_OBJC_MSGSEND = YES;
				GCC_C_LANGUAGE_STANDARD = gnu11;
				GCC_NO_COMMON_BLOCKS = YES;
				GCC_WARN_64_TO_32_BIT_CONVERSION = YES;
				GCC_WARN_ABOUT_RETURN_TYPE = YES_ERROR;
				GCC_WARN_UNDECLARED_SELECTOR = YES;
				GCC_WARN_UNINITIALIZED_AUTOS = YES_AGGRESSIVE;
				GCC_WARN_UNUSED_FUNCTION = YES;
				GCC_WARN_UNUSED_VARIABLE = YES;
				IPHONEOS_DEPLOYMENT_TARGET = 12.0;
				MTL_ENABLE_DEBUG_INFO = NO;
				MTL_FAST_MATH = YES;
				SDKROOT = iphoneos;
				SWIFT_COMPILATION_MODE = wholemodule;
				SWIFT_OPTIMIZATION_LEVEL = "-O";
				VALIDATE_PRODUCT = YES;
			};
			name = Release;
		};
		72202B8722342A26004D80C8 /* Debug */ = {
			isa = XCBuildConfiguration;
			baseConfigurationReference = 62AEAB6D1C722B4921782E50 /* Pods-NYTimes.debug.xcconfig */;
			buildSettings = {
				ASSETCATALOG_COMPILER_APPICON_NAME = AppIcon;
				CODE_SIGN_STYLE = Automatic;
				INFOPLIST_FILE = "$(SRCROOT)/NYTimes/SupportingFiles/Info.plist";
				LD_RUNPATH_SEARCH_PATHS = (
					"$(inherited)",
					"@executable_path/Frameworks",
				);
				PRODUCT_BUNDLE_IDENTIFIER = com.nyt.NYTimes;
				PRODUCT_NAME = "$(TARGET_NAME)";
				SWIFT_VERSION = 4.2;
				TARGETED_DEVICE_FAMILY = "1,2";
			};
			name = Debug;
		};
		72202B8822342A26004D80C8 /* Release */ = {
			isa = XCBuildConfiguration;
			baseConfigurationReference = BBB2387D4DB0787787577B23 /* Pods-NYTimes.release.xcconfig */;
			buildSettings = {
				ASSETCATALOG_COMPILER_APPICON_NAME = AppIcon;
				CODE_SIGN_STYLE = Automatic;
				INFOPLIST_FILE = "$(SRCROOT)/NYTimes/SupportingFiles/Info.plist";
				LD_RUNPATH_SEARCH_PATHS = (
					"$(inherited)",
					"@executable_path/Frameworks",
				);
				PRODUCT_BUNDLE_IDENTIFIER = com.nyt.NYTimes;
				PRODUCT_NAME = "$(TARGET_NAME)";
				SWIFT_VERSION = 4.2;
				TARGETED_DEVICE_FAMILY = "1,2";
			};
			name = Release;
		};
		72202B8A22342A26004D80C8 /* Debug */ = {
			isa = XCBuildConfiguration;
			baseConfigurationReference = F799043FDDA3B167A8258EA4 /* Pods-NYTimesTests.debug.xcconfig */;
			buildSettings = {
				ALWAYS_EMBED_SWIFT_STANDARD_LIBRARIES = YES;
				BUNDLE_LOADER = "$(TEST_HOST)";
				CODE_SIGN_STYLE = Automatic;
				INFOPLIST_FILE = NYTimesTests/Info.plist;
				LD_RUNPATH_SEARCH_PATHS = (
					"$(inherited)",
					"@executable_path/Frameworks",
					"@loader_path/Frameworks",
				);
				PRODUCT_BUNDLE_IDENTIFIER = com.nyt.NYTimesTests;
				PRODUCT_NAME = "$(TARGET_NAME)";
				SWIFT_VERSION = 4.2;
				TARGETED_DEVICE_FAMILY = "1,2";
				TEST_HOST = "$(BUILT_PRODUCTS_DIR)/NYTimes.app/NYTimes";
			};
			name = Debug;
		};
		72202B8B22342A26004D80C8 /* Release */ = {
			isa = XCBuildConfiguration;
			baseConfigurationReference = 1E6B4AC17F9E46978EF39236 /* Pods-NYTimesTests.release.xcconfig */;
			buildSettings = {
				ALWAYS_EMBED_SWIFT_STANDARD_LIBRARIES = YES;
				BUNDLE_LOADER = "$(TEST_HOST)";
				CODE_SIGN_STYLE = Automatic;
				INFOPLIST_FILE = NYTimesTests/Info.plist;
				LD_RUNPATH_SEARCH_PATHS = (
					"$(inherited)",
					"@executable_path/Frameworks",
					"@loader_path/Frameworks",
				);
				PRODUCT_BUNDLE_IDENTIFIER = com.nyt.NYTimesTests;
				PRODUCT_NAME = "$(TARGET_NAME)";
				SWIFT_VERSION = 4.2;
				TARGETED_DEVICE_FAMILY = "1,2";
				TEST_HOST = "$(BUILT_PRODUCTS_DIR)/NYTimes.app/NYTimes";
			};
			name = Release;
		};
		72202B8D22342A26004D80C8 /* Debug */ = {
			isa = XCBuildConfiguration;
			baseConfigurationReference = 09AF246F02E652BC6E385F45 /* Pods-NYTimesUITests.debug.xcconfig */;
			buildSettings = {
				ALWAYS_EMBED_SWIFT_STANDARD_LIBRARIES = YES;
				CODE_SIGN_STYLE = Automatic;
				INFOPLIST_FILE = NYTimesUITests/Info.plist;
				LD_RUNPATH_SEARCH_PATHS = (
					"$(inherited)",
					"@executable_path/Frameworks",
					"@loader_path/Frameworks",
				);
				PRODUCT_BUNDLE_IDENTIFIER = com.nyt.NYTimesUITests;
				PRODUCT_NAME = "$(TARGET_NAME)";
				SWIFT_VERSION = 4.2;
				TARGETED_DEVICE_FAMILY = "1,2";
				TEST_TARGET_NAME = NYTimes;
			};
			name = Debug;
		};
		72202B8E22342A26004D80C8 /* Release */ = {
			isa = XCBuildConfiguration;
			baseConfigurationReference = C9A26F97E664F39444E24E3E /* Pods-NYTimesUITests.release.xcconfig */;
			buildSettings = {
				ALWAYS_EMBED_SWIFT_STANDARD_LIBRARIES = YES;
				CODE_SIGN_STYLE = Automatic;
				INFOPLIST_FILE = NYTimesUITests/Info.plist;
				LD_RUNPATH_SEARCH_PATHS = (
					"$(inherited)",
					"@executable_path/Frameworks",
					"@loader_path/Frameworks",
				);
				PRODUCT_BUNDLE_IDENTIFIER = com.nyt.NYTimesUITests;
				PRODUCT_NAME = "$(TARGET_NAME)";
				SWIFT_VERSION = 4.2;
				TARGETED_DEVICE_FAMILY = "1,2";
				TEST_TARGET_NAME = NYTimes;
			};
			name = Release;
		};
/* End XCBuildConfiguration section */

/* Begin XCConfigurationList section */
		72202B5922342A24004D80C8 /* Build configuration list for PBXProject "NYTimes" */ = {
			isa = XCConfigurationList;
			buildConfigurations = (
				72202B8422342A26004D80C8 /* Debug */,
				72202B8522342A26004D80C8 /* Release */,
			);
			defaultConfigurationIsVisible = 0;
			defaultConfigurationName = Release;
		};
		72202B8622342A26004D80C8 /* Build configuration list for PBXNativeTarget "NYTimes" */ = {
			isa = XCConfigurationList;
			buildConfigurations = (
				72202B8722342A26004D80C8 /* Debug */,
				72202B8822342A26004D80C8 /* Release */,
			);
			defaultConfigurationIsVisible = 0;
			defaultConfigurationName = Release;
		};
		72202B8922342A26004D80C8 /* Build configuration list for PBXNativeTarget "NYTimesTests" */ = {
			isa = XCConfigurationList;
			buildConfigurations = (
				72202B8A22342A26004D80C8 /* Debug */,
				72202B8B22342A26004D80C8 /* Release */,
			);
			defaultConfigurationIsVisible = 0;
			defaultConfigurationName = Release;
		};
		72202B8C22342A26004D80C8 /* Build configuration list for PBXNativeTarget "NYTimesUITests" */ = {
			isa = XCConfigurationList;
			buildConfigurations = (
				72202B8D22342A26004D80C8 /* Debug */,
				72202B8E22342A26004D80C8 /* Release */,
			);
			defaultConfigurationIsVisible = 0;
			defaultConfigurationName = Release;
		};
/* End XCConfigurationList section */
	};
	rootObject = 72202B5622342A24004D80C8 /* Project object */;
}
